
Microsoft Visual Studio Solution File, Format Version 12.00
# Visual Studio Version 16
VisualStudioVersion = 16.0.32901.82
MinimumVisualStudioVersion = 10.0.40219.1
Project("{E24C65DC-7377-472B-9ABA-BC803B73C61A}") = "FearOfGod 1", ".", "{2BD41C88-F2CB-47D6-95FA-2BCBA05B7DA1}"
	ProjectSection(WebsiteProperties) = preProject
		TargetFrameworkMoniker = ".NETFramework,Version%3Dv4.6.2"
		Debug.AspNetCompiler.VirtualPath = "/localhost_60742"
		Debug.AspNetCompiler.PhysicalPath = "..\FearOfGod 1\"
		Debug.AspNetCompiler.TargetPath = "PrecompiledWeb\localhost_60742\"
		Debug.AspNetCompiler.Updateable = "true"
		Debug.AspNetCompiler.ForceOverwrite = "true"
		Debug.AspNetCompiler.FixedNames = "false"
		Debug.AspNetCompiler.Debug = "True"
		Release.AspNetCompiler.VirtualPath = "/localhost_60742"
		Release.AspNetCompiler.PhysicalPath = "..\FearOfGod 1\"
		Release.AspNetCompiler.TargetPath = "PrecompiledWeb\localhost_60742\"
		Release.AspNetCompiler.Updateable = "true"
		Release.AspNetCompiler.ForceOverwrite = "true"
		Release.AspNetCompiler.FixedNames = "false"
		Release.AspNetCompiler.Debug = "False"
		VWDPort = "60742"
		SlnRelativePath = "..\FearOfGod 1\"
		DefaultWebSiteLanguage = "Visual C#"
	EndProjectSection
EndProject
Global
	GlobalSection(SolutionConfigurationPlatforms) = preSolution
		Debug|Any CPU = Debug|Any CPU
	EndGlobalSection
	GlobalSection(ProjectConfigurationPlatforms) = postSolution
		{2BD41C88-F2CB-47D6-95FA-2BCBA05B7DA1}.Debug|Any CPU.ActiveCfg = Debug|Any CPU
		{2BD41C88-F2CB-47D6-95FA-2BCBA05B7DA1}.Debug|Any CPU.Build.0 = Debug|Any CPU
	EndGlobalSection
	GlobalSection(SolutionProperties) = preSolution
		HideSolutionNode = FALSE
	EndGlobalSection
	GlobalSection(ExtensibilityGlobals) = postSolution
		SolutionGuid = {D885E2DE-AE19-42A4-B0AB-5E3C6583DF0A}
	EndGlobalSection
EndGlobal
